
Microsoft Visual Studio Solution File, Format Version 12.00
# Visual Studio Version 16
VisualStudioVersion = 16.0.31112.23
MinimumVisualStudioVersion = 10.0.40219.1
Project("{FAE04EC0-301F-11D3-BF4B-00C04F79EFBC}") = "HONING_App", "HONING_App.csproj", "{B3D11737-9670-4E8A-9106-0FB49DD842B9}"
EndProject
Project("{FAE04EC0-301F-11D3-BF4B-00C04F79EFBC}") = "Autentifikacija", "..\Autentifikacija\Autentifikacija.csproj", "{19595092-6DAD-49EC-91EC-935DB8B5D0AD}"
EndProject
Project("{FAE04EC0-301F-11D3-BF4B-00C04F79EFBC}") = "KalkulatorGodisnjeg", "..\KalkulatorGodisnjeg\KalkulatorGodisnjeg\KalkulatorGodisnjeg.csproj", "{8EAB6573-CFA9-47BE-BB90-906C2A4CC211}"
EndProject
Global
	GlobalSection(SolutionConfigurationPlatforms) = preSolution
		Debug|Any CPU = Debug|Any CPU
		Release|Any CPU = Release|Any CPU
	EndGlobalSection
	GlobalSection(ProjectConfigurationPlatforms) = postSolution
		{B3D11737-9670-4E8A-9106-0FB49DD842B9}.Debug|Any CPU.ActiveCfg = Debug|Any CPU
		{B3D11737-9670-4E8A-9106-0FB49DD842B9}.Debug|Any CPU.Build.0 = Debug|Any CPU
		{B3D11737-9670-4E8A-9106-0FB49DD842B9}.Release|Any CPU.ActiveCfg = Release|Any CPU
		{B3D11737-9670-4E8A-9106-0FB49DD842B9}.Release|Any CPU.Build.0 = Release|Any CPU
		{19595092-6DAD-49EC-91EC-935DB8B5D0AD}.Debug|Any CPU.ActiveCfg = Debug|Any CPU
		{19595092-6DAD-49EC-91EC-935DB8B5D0AD}.Debug|Any CPU.Build.0 = Debug|Any CPU
		{19595092-6DAD-49EC-91EC-935DB8B5D0AD}.Release|Any CPU.ActiveCfg = Release|Any CPU
		{19595092-6DAD-49EC-91EC-935DB8B5D0AD}.Release|Any CPU.Build.0 = Release|Any CPU
		{8EAB6573-CFA9-47BE-BB90-906C2A4CC211}.Debug|Any CPU.ActiveCfg = Debug|Any CPU
		{8EAB6573-CFA9-47BE-BB90-906C2A4CC211}.Debug|Any CPU.Build.0 = Debug|Any CPU
		{8EAB6573-CFA9-47BE-BB90-906C2A4CC211}.Release|Any CPU.ActiveCfg = Release|Any CPU
		{8EAB6573-CFA9-47BE-BB90-906C2A4CC211}.Release|Any CPU.Build.0 = Release|Any CPU
	EndGlobalSection
	GlobalSection(SolutionProperties) = preSolution
		HideSolutionNode = FALSE
	EndGlobalSection
	GlobalSection(ExtensibilityGlobals) = postSolution
		SolutionGuid = {7D6751FA-7BEA-475E-96FB-C7F492DB04CA}
	EndGlobalSection
EndGlobal
